
Microsoft Visual Studio Solution File, Format Version 12.00
# Visual Studio Version 17
VisualStudioVersion = 17.5.002.0
MinimumVisualStudioVersion = 10.0.40219.1
Project("{9A19103F-16F7-4668-BE54-9A1E7A4F7556}") = "Turnos", "Turnos.csproj", "{CC90B628-69D4-407D-AA45-DF268F110FAE}"
EndProject
Global
	GlobalSection(SolutionConfigurationPlatforms) = preSolution
		Debug|Any CPU = Debug|Any CPU
		Release|Any CPU = Release|Any CPU
	EndGlobalSection
	GlobalSection(ProjectConfigurationPlatforms) = postSolution
		{CC90B628-69D4-407D-AA45-DF268F110FAE}.Debug|Any CPU.ActiveCfg = Debug|Any CPU
		{CC90B628-69D4-407D-AA45-DF268F110FAE}.Debug|Any CPU.Build.0 = Debug|Any CPU
		{CC90B628-69D4-407D-AA45-DF268F110FAE}.Release|Any CPU.ActiveCfg = Release|Any CPU
		{CC90B628-69D4-407D-AA45-DF268F110FAE}.Release|Any CPU.Build.0 = Release|Any CPU
	EndGlobalSection
	GlobalSection(SolutionProperties) = preSolution
		HideSolutionNode = FALSE
	EndGlobalSection
	GlobalSection(ExtensibilityGlobals) = postSolution
		SolutionGuid = {A8B506F4-35D2-4503-85A5-BFF49BC601FF}
	EndGlobalSection
EndGlobal
